// !$*UTF8*$!
{
	archiveVersion = 1;
	classes = {
	};
	objectVersion = 56;
	objects = {

/* Begin PBXBuildFile section */
		41171180292BF845007EAF5F /* Weather_swiftUI.swift in Sources */ = {isa = PBXBuildFile; fileRef = 4117117F292BF845007EAF5F /* Weather_swiftUI.swift */; };
		41171187292BF845007EAF5F /* ContentView.swift in Sources */ = {isa = PBXBuildFile; fileRef = 41171186292BF845007EAF5F /* ContentView.swift */; };
		41171189292BF849007EAF5F /* Assets.xcassets in Resources */ = {isa = PBXBuildFile; fileRef = 41171188292BF849007EAF5F /* Assets.xcassets */; };
		4117118D292BF849007EAF5F /* Preview Assets.xcassets in Resources */ = {isa = PBXBuildFile; fileRef = 4117118C292BF849007EAF5F /* Preview Assets.xcassets */; };
		41171199292BFDE3007EAF5F /* ActivityIndicatorView.swift in Sources */ = {isa = PBXBuildFile; fileRef = 41171198292BFDE3007EAF5F /* ActivityIndicatorView.swift */; };
		41653120292D14E00097508A /* ApiService.swift in Sources */ = {isa = PBXBuildFile; fileRef = 4165311F292D14E00097508A /* ApiService.swift */; };
		41653122292D17370097508A /* WeatherModel.swift in Sources */ = {isa = PBXBuildFile; fileRef = 41653121292D17370097508A /* WeatherModel.swift */; };
		41653124292D17E60097508A /* DataViewModel.swift in Sources */ = {isa = PBXBuildFile; fileRef = 41653123292D17E50097508A /* DataViewModel.swift */; };
		41C4485D29315FB8003A0348 /* Weather_swiftUITests.swift in Sources */ = {isa = PBXBuildFile; fileRef = 41C4485C29315FB8003A0348 /* Weather_swiftUITests.swift */; };
		41C4486329315FC9003A0348 /* DataViewModel.swift in Sources */ = {isa = PBXBuildFile; fileRef = 41653123292D17E50097508A /* DataViewModel.swift */; };
		41C4486529316164003A0348 /* WeatherModel.swift in Sources */ = {isa = PBXBuildFile; fileRef = 41653121292D17370097508A /* WeatherModel.swift */; };
		41C4486629316413003A0348 /* WeatherRow.swift in Sources */ = {isa = PBXBuildFile; fileRef = 41F0CCB7292C361C0045947A /* WeatherRow.swift */; };
		41C4486E293164B8003A0348 /* Weather_swiftUIUITests.swift in Sources */ = {isa = PBXBuildFile; fileRef = 41C4486D293164B8003A0348 /* Weather_swiftUIUITests.swift */; };
		41C44870293164B8003A0348 /* Weather_swiftUIUITestsLaunchTests.swift in Sources */ = {isa = PBXBuildFile; fileRef = 41C4486F293164B8003A0348 /* Weather_swiftUIUITestsLaunchTests.swift */; };
		41C4487629316902003A0348 /* ApiService.swift in Sources */ = {isa = PBXBuildFile; fileRef = 4165311F292D14E00097508A /* ApiService.swift */; };
		41C44878293179A5003A0348 /* DataViewModelTest.swift in Sources */ = {isa = PBXBuildFile; fileRef = 41C44877293179A5003A0348 /* DataViewModelTest.swift */; };
		41C4487929317B31003A0348 /* WeatherRow.swift in Sources */ = {isa = PBXBuildFile; fileRef = 41F0CCB7292C361C0045947A /* WeatherRow.swift */; };
		41C4487A29317B82003A0348 /* WeatherModel.swift in Sources */ = {isa = PBXBuildFile; fileRef = 41653121292D17370097508A /* WeatherModel.swift */; };
		41EB28B7292D2F940071DC29 /* Weather_swiftUI.xcdatamodeld in Sources */ = {isa = PBXBuildFile; fileRef = 41EB28B5292D2F940071DC29 /* Weather_swiftUI.xcdatamodeld */; };
		41F0CCB8292C361C0045947A /* WeatherRow.swift in Sources */ = {isa = PBXBuildFile; fileRef = 41F0CCB7292C361C0045947A /* WeatherRow.swift */; };
		41F0CCBD292C366D0045947A /* LocationManager.swift in Sources */ = {isa = PBXBuildFile; fileRef = 41F0CCBC292C366D0045947A /* LocationManager.swift */; };
		41F0CCC2292C370F0045947A /* ViewExtension.swift in Sources */ = {isa = PBXBuildFile; fileRef = 41F0CCC1292C370F0045947A /* ViewExtension.swift */; };
/* End PBXBuildFile section */

/* Begin PBXContainerItemProxy section */
		41C4485E29315FB8003A0348 /* PBXContainerItemProxy */ = {
			isa = PBXContainerItemProxy;
			containerPortal = 41171174292BF845007EAF5F /* Project object */;
			proxyType = 1;
			remoteGlobalIDString = 4117117B292BF845007EAF5F;
			remoteInfo = Weather_swiftUI;
		};
		41C44871293164B8003A0348 /* PBXContainerItemProxy */ = {
			isa = PBXContainerItemProxy;
			containerPortal = 41171174292BF845007EAF5F /* Project object */;
			proxyType = 1;
			remoteGlobalIDString = 4117117B292BF845007EAF5F;
			remoteInfo = Weather_swiftUI;
		};
/* End PBXContainerItemProxy section */

/* Begin PBXFileReference section */
		4117117C292BF845007EAF5F /* Weather_swiftUI.app */ = {isa = PBXFileReference; explicitFileType = wrapper.application; includeInIndex = 0; path = Weather_swiftUI.app; sourceTree = BUILT_PRODUCTS_DIR; };
		4117117F292BF845007EAF5F /* Weather_swiftUI.swift */ = {isa = PBXFileReference; lastKnownFileType = sourcecode.swift; path = Weather_swiftUI.swift; sourceTree = "<group>"; };
		41171186292BF845007EAF5F /* ContentView.swift */ = {isa = PBXFileReference; lastKnownFileType = sourcecode.swift; path = ContentView.swift; sourceTree = "<group>"; };
		41171188292BF849007EAF5F /* Assets.xcassets */ = {isa = PBXFileReference; lastKnownFileType = folder.assetcatalog; path = Assets.xcassets; sourceTree = "<group>"; };
		4117118C292BF849007EAF5F /* Preview Assets.xcassets */ = {isa = PBXFileReference; lastKnownFileType = folder.assetcatalog; path = "Preview Assets.xcassets"; sourceTree = "<group>"; };
		41171198292BFDE3007EAF5F /* ActivityIndicatorView.swift */ = {isa = PBXFileReference; lastKnownFileType = sourcecode.swift; path = ActivityIndicatorView.swift; sourceTree = "<group>"; };
		4165311F292D14E00097508A /* ApiService.swift */ = {isa = PBXFileReference; lastKnownFileType = sourcecode.swift; path = ApiService.swift; sourceTree = "<group>"; };
		41653121292D17370097508A /* WeatherModel.swift */ = {isa = PBXFileReference; lastKnownFileType = sourcecode.swift; path = WeatherModel.swift; sourceTree = "<group>"; };
		41653123292D17E50097508A /* DataViewModel.swift */ = {isa = PBXFileReference; lastKnownFileType = sourcecode.swift; path = DataViewModel.swift; sourceTree = "<group>"; };
		41C4485A29315FB8003A0348 /* Weather_swiftUITests.xctest */ = {isa = PBXFileReference; explicitFileType = wrapper.cfbundle; includeInIndex = 0; path = Weather_swiftUITests.xctest; sourceTree = BUILT_PRODUCTS_DIR; };
		41C4485C29315FB8003A0348 /* Weather_swiftUITests.swift */ = {isa = PBXFileReference; lastKnownFileType = sourcecode.swift; path = Weather_swiftUITests.swift; sourceTree = "<group>"; };
		41C4486B293164B8003A0348 /* Weather_swiftUIUITests.xctest */ = {isa = PBXFileReference; explicitFileType = wrapper.cfbundle; includeInIndex = 0; path = Weather_swiftUIUITests.xctest; sourceTree = BUILT_PRODUCTS_DIR; };
		41C4486D293164B8003A0348 /* Weather_swiftUIUITests.swift */ = {isa = PBXFileReference; lastKnownFileType = sourcecode.swift; path = Weather_swiftUIUITests.swift; sourceTree = "<group>"; };
		41C4486F293164B8003A0348 /* Weather_swiftUIUITestsLaunchTests.swift */ = {isa = PBXFileReference; lastKnownFileType = sourcecode.swift; path = Weather_swiftUIUITestsLaunchTests.swift; sourceTree = "<group>"; };
		41C44877293179A5003A0348 /* DataViewModelTest.swift */ = {isa = PBXFileReference; lastKnownFileType = sourcecode.swift; path = DataViewModelTest.swift; sourceTree = "<group>"; };
		41EB28B4292D2F940071DC29 /* Weather_swiftUI.entitlements */ = {isa = PBXFileReference; fileEncoding = 4; lastKnownFileType = text.plist.entitlements; path = Weather_swiftUI.entitlements; sourceTree = "<group>"; };
		41EB28B6292D2F940071DC29 /* Evengelist_test.xcdatamodel */ = {isa = PBXFileReference; lastKnownFileType = wrapper.xcdatamodel; path = Evengelist_test.xcdatamodel; sourceTree = "<group>"; };
		41F0CCB7292C361C0045947A /* WeatherRow.swift */ = {isa = PBXFileReference; lastKnownFileType = sourcecode.swift; path = WeatherRow.swift; sourceTree = "<group>"; };
		41F0CCBC292C366D0045947A /* LocationManager.swift */ = {isa = PBXFileReference; lastKnownFileType = sourcecode.swift; path = LocationManager.swift; sourceTree = "<group>"; };
		41F0CCC1292C370F0045947A /* ViewExtension.swift */ = {isa = PBXFileReference; lastKnownFileType = sourcecode.swift; path = ViewExtension.swift; sourceTree = "<group>"; };
/* End PBXFileReference section */

/* Begin PBXFrameworksBuildPhase section */
		41171179292BF845007EAF5F /* Frameworks */ = {
			isa = PBXFrameworksBuildPhase;
			buildActionMask = 2147483647;
			files = (
			);
			runOnlyForDeploymentPostprocessing = 0;
		};
		41C4485729315FB8003A0348 /* Frameworks */ = {
			isa = PBXFrameworksBuildPhase;
			buildActionMask = 2147483647;
			files = (
			);
			runOnlyForDeploymentPostprocessing = 0;
		};
		41C44868293164B8003A0348 /* Frameworks */ = {
			isa = PBXFrameworksBuildPhase;
			buildActionMask = 2147483647;
			files = (
			);
			runOnlyForDeploymentPostprocessing = 0;
		};
/* End PBXFrameworksBuildPhase section */

/* Begin PBXGroup section */
		41171173292BF845007EAF5F = {
			isa = PBXGroup;
			children = (
				4117117E292BF845007EAF5F /* Weather_swiftUI */,
				41C4485B29315FB8003A0348 /* Weather_swiftUITests */,
				41C4486C293164B8003A0348 /* Weather_swiftUIUITests */,
				4117117D292BF845007EAF5F /* Products */,
			);
			sourceTree = "<group>";
		};
		4117117D292BF845007EAF5F /* Products */ = {
			isa = PBXGroup;
			children = (
				4117117C292BF845007EAF5F /* Weather_swiftUI.app */,
				41C4485A29315FB8003A0348 /* Weather_swiftUITests.xctest */,
				41C4486B293164B8003A0348 /* Weather_swiftUIUITests.xctest */,
			);
			name = Products;
			sourceTree = "<group>";
		};
		4117117E292BF845007EAF5F /* Weather_swiftUI */ = {
			isa = PBXGroup;
			children = (
				41EB28B4292D2F940071DC29 /* Weather_swiftUI.entitlements */,
				41EB28B5292D2F940071DC29 /* Weather_swiftUI.xcdatamodeld */,
				4165311E292D14D30097508A /* Services */,
				4165311B292D13A70097508A /* ViewModels */,
				4165311A292D12F20097508A /* AppConfig */,
				41F0CCC0292C36FB0045947A /* Extension */,
				41F0CCA2292C15000045947A /* Models */,
				41171195292BFD9E007EAF5F /* Views */,
				41171188292BF849007EAF5F /* Assets.xcassets */,
				4117118B292BF849007EAF5F /* Preview Content */,
			);
			path = Weather_swiftUI;
			sourceTree = "<group>";
		};
		4117118B292BF849007EAF5F /* Preview Content */ = {
			isa = PBXGroup;
			children = (
				4117118C292BF849007EAF5F /* Preview Assets.xcassets */,
			);
			path = "Preview Content";
			sourceTree = "<group>";
		};
		41171195292BFD9E007EAF5F /* Views */ = {
			isa = PBXGroup;
			children = (
				41171186292BF845007EAF5F /* ContentView.swift */,
				41171198292BFDE3007EAF5F /* ActivityIndicatorView.swift */,
				41F0CCB7292C361C0045947A /* WeatherRow.swift */,
			);
			path = Views;
			sourceTree = "<group>";
		};
		4165311A292D12F20097508A /* AppConfig */ = {
			isa = PBXGroup;
			children = (
				4117117F292BF845007EAF5F /* Weather_swiftUI.swift */,
			);
			path = AppConfig;
			sourceTree = "<group>";
		};
		4165311B292D13A70097508A /* ViewModels */ = {
			isa = PBXGroup;
			children = (
				41F0CCBC292C366D0045947A /* LocationManager.swift */,
				41653123292D17E50097508A /* DataViewModel.swift */,
			);
			path = ViewModels;
			sourceTree = "<group>";
		};
		4165311E292D14D30097508A /* Services */ = {
			isa = PBXGroup;
			children = (
				4165311F292D14E00097508A /* ApiService.swift */,
			);
			path = Services;
			sourceTree = "<group>";
		};
		41C4485B29315FB8003A0348 /* Weather_swiftUITests */ = {
			isa = PBXGroup;
			children = (
				41C4485C29315FB8003A0348 /* Weather_swiftUITests.swift */,
				41C44877293179A5003A0348 /* DataViewModelTest.swift */,
			);
			path = Weather_swiftUITests;
			sourceTree = "<group>";
		};
		41C4486C293164B8003A0348 /* Weather_swiftUIUITests */ = {
			isa = PBXGroup;
			children = (
				41C4486D293164B8003A0348 /* Weather_swiftUIUITests.swift */,
				41C4486F293164B8003A0348 /* Weather_swiftUIUITestsLaunchTests.swift */,
			);
			path = Weather_swiftUIUITests;
			sourceTree = "<group>";
		};
		41F0CCA2292C15000045947A /* Models */ = {
			isa = PBXGroup;
			children = (
				41653121292D17370097508A /* WeatherModel.swift */,
			);
			path = Models;
			sourceTree = "<group>";
		};
		41F0CCC0292C36FB0045947A /* Extension */ = {
			isa = PBXGroup;
			children = (
				41F0CCC1292C370F0045947A /* ViewExtension.swift */,
			);
			path = Extension;
			sourceTree = "<group>";
		};
/* End PBXGroup section */

/* Begin PBXNativeTarget section */
		4117117B292BF845007EAF5F /* Weather_swiftUI */ = {
			isa = PBXNativeTarget;
			buildConfigurationList = 41171190292BF849007EAF5F /* Build configuration list for PBXNativeTarget "Weather_swiftUI" */;
			buildPhases = (
				41171178292BF845007EAF5F /* Sources */,
				41171179292BF845007EAF5F /* Frameworks */,
				4117117A292BF845007EAF5F /* Resources */,
			);
			buildRules = (
			);
			dependencies = (
			);
			name = Weather_swiftUI;
			packageProductDependencies = (
			);
			productName = Evengelist_test;
			productReference = 4117117C292BF845007EAF5F /* Weather_swiftUI.app */;
			productType = "com.apple.product-type.application";
		};
		41C4485929315FB8003A0348 /* Weather_swiftUITests */ = {
			isa = PBXNativeTarget;
			buildConfigurationList = 41C4486229315FB8003A0348 /* Build configuration list for PBXNativeTarget "Weather_swiftUITests" */;
			buildPhases = (
				41C4485629315FB8003A0348 /* Sources */,
				41C4485729315FB8003A0348 /* Frameworks */,
				41C4485829315FB8003A0348 /* Resources */,
			);
			buildRules = (
			);
			dependencies = (
				41C4485F29315FB8003A0348 /* PBXTargetDependency */,
			);
			name = Weather_swiftUITests;
			productName = Weather_swiftUITests;
			productReference = 41C4485A29315FB8003A0348 /* Weather_swiftUITests.xctest */;
			productType = "com.apple.product-type.bundle.unit-test";
		};
		41C4486A293164B8003A0348 /* Weather_swiftUIUITests */ = {
			isa = PBXNativeTarget;
			buildConfigurationList = 41C44873293164B8003A0348 /* Build configuration list for PBXNativeTarget "Weather_swiftUIUITests" */;
			buildPhases = (
				41C44867293164B8003A0348 /* Sources */,
				41C44868293164B8003A0348 /* Frameworks */,
				41C44869293164B8003A0348 /* Resources */,
			);
			buildRules = (
			);
			dependencies = (
				41C44872293164B8003A0348 /* PBXTargetDependency */,
			);
			name = Weather_swiftUIUITests;
			productName = Weather_swiftUIUITests;
			productReference = 41C4486B293164B8003A0348 /* Weather_swiftUIUITests.xctest */;
			productType = "com.apple.product-type.bundle.ui-testing";
		};
/* End PBXNativeTarget section */

/* Begin PBXProject section */
		41171174292BF845007EAF5F /* Project object */ = {
			isa = PBXProject;
			attributes = {
				BuildIndependentTargetsInParallel = 1;
				LastSwiftUpdateCheck = 1400;
				LastUpgradeCheck = 1400;
				TargetAttributes = {
					4117117B292BF845007EAF5F = {
						CreatedOnToolsVersion = 14.0.1;
					};
					41C4485929315FB8003A0348 = {
						CreatedOnToolsVersion = 14.0.1;
						TestTargetID = 4117117B292BF845007EAF5F;
					};
					41C4486A293164B8003A0348 = {
						CreatedOnToolsVersion = 14.0.1;
						TestTargetID = 4117117B292BF845007EAF5F;
					};
				};
			};
			buildConfigurationList = 41171177292BF845007EAF5F /* Build configuration list for PBXProject "Weather_swiftUI" */;
			compatibilityVersion = "Xcode 14.0";
			developmentRegion = en;
			hasScannedForEncodings = 0;
			knownRegions = (
				en,
				Base,
			);
			mainGroup = 41171173292BF845007EAF5F;
			packageReferences = (
			);
			productRefGroup = 4117117D292BF845007EAF5F /* Products */;
			projectDirPath = "";
			projectRoot = "";
			targets = (
				4117117B292BF845007EAF5F /* Weather_swiftUI */,
				41C4485929315FB8003A0348 /* Weather_swiftUITests */,
				41C4486A293164B8003A0348 /* Weather_swiftUIUITests */,
			);
		};
/* End PBXProject section */

/* Begin PBXResourcesBuildPhase section */
		4117117A292BF845007EAF5F /* Resources */ = {
			isa = PBXResourcesBuildPhase;
			buildActionMask = 2147483647;
			files = (
				4117118D292BF849007EAF5F /* Preview Assets.xcassets in Resources */,
				41171189292BF849007EAF5F /* Assets.xcassets in Resources */,
			);
			runOnlyForDeploymentPostprocessing = 0;
		};
		41C4485829315FB8003A0348 /* Resources */ = {
			isa = PBXResourcesBuildPhase;
			buildActionMask = 2147483647;
			files = (
			);
			runOnlyForDeploymentPostprocessing = 0;
		};
		41C44869293164B8003A0348 /* Resources */ = {
			isa = PBXResourcesBuildPhase;
			buildActionMask = 2147483647;
			files = (
			);
			runOnlyForDeploymentPostprocessing = 0;
		};
/* End PBXResourcesBuildPhase section */

/* Begin PBXSourcesBuildPhase section */
		41171178292BF845007EAF5F /* Sources */ = {
			isa = PBXSourcesBuildPhase;
			buildActionMask = 2147483647;
			files = (
				41171180292BF845007EAF5F /* Weather_swiftUI.swift in Sources */,
				41F0CCBD292C366D0045947A /* LocationManager.swift in Sources */,
				41653122292D17370097508A /* WeatherModel.swift in Sources */,
				41171187292BF845007EAF5F /* ContentView.swift in Sources */,
				41653120292D14E00097508A /* ApiService.swift in Sources */,
				41F0CCC2292C370F0045947A /* ViewExtension.swift in Sources */,
				41653124292D17E60097508A /* DataViewModel.swift in Sources */,
				41F0CCB8292C361C0045947A /* WeatherRow.swift in Sources */,
				41EB28B7292D2F940071DC29 /* Weather_swiftUI.xcdatamodeld in Sources */,
				41171199292BFDE3007EAF5F /* ActivityIndicatorView.swift in Sources */,
			);
			runOnlyForDeploymentPostprocessing = 0;
		};
		41C4485629315FB8003A0348 /* Sources */ = {
			isa = PBXSourcesBuildPhase;
			buildActionMask = 2147483647;
			files = (
				41C4486329315FC9003A0348 /* DataViewModel.swift in Sources */,
				41C4487629316902003A0348 /* ApiService.swift in Sources */,
				41C4486529316164003A0348 /* WeatherModel.swift in Sources */,
				41C4485D29315FB8003A0348 /* Weather_swiftUITests.swift in Sources */,
				41C44878293179A5003A0348 /* DataViewModelTest.swift in Sources */,
				41C4486629316413003A0348 /* WeatherRow.swift in Sources */,
			);
			runOnlyForDeploymentPostprocessing = 0;
		};
		41C44867293164B8003A0348 /* Sources */ = {
			isa = PBXSourcesBuildPhase;
			buildActionMask = 2147483647;
			files = (
				41C4487929317B31003A0348 /* WeatherRow.swift in Sources */,
				41C4486E293164B8003A0348 /* Weather_swiftUIUITests.swift in Sources */,
				41C4487A29317B82003A0348 /* WeatherModel.swift in Sources */,
				41C44870293164B8003A0348 /* Weather_swiftUIUITestsLaunchTests.swift in Sources */,
			);
			runOnlyForDeploymentPostprocessing = 0;
		};
/* End PBXSourcesBuildPhase section */

/* Begin PBXTargetDependency section */
		41C4485F29315FB8003A0348 /* PBXTargetDependency */ = {
			isa = PBXTargetDependency;
			target = 4117117B292BF845007EAF5F /* Weather_swiftUI */;
			targetProxy = 41C4485E29315FB8003A0348 /* PBXContainerItemProxy */;
		};
		41C44872293164B8003A0348 /* PBXTargetDependency */ = {
			isa = PBXTargetDependency;
			target = 4117117B292BF845007EAF5F /* Weather_swiftUI */;
			targetProxy = 41C44871293164B8003A0348 /* PBXContainerItemProxy */;
		};
/* End PBXTargetDependency section */

/* Begin XCBuildConfiguration section */
		4117118E292BF849007EAF5F /* Debug */ = {
			isa = XCBuildConfiguration;
			buildSettings = {
				ALWAYS_SEARCH_USER_PATHS = NO;
				CLANG_ANALYZER_NONNULL = YES;
				CLANG_ANALYZER_NUMBER_OBJECT_CONVERSION = YES_AGGRESSIVE;
				CLANG_CXX_LANGUAGE_STANDARD = "gnu++20";
				CLANG_ENABLE_MODULES = YES;
				CLANG_ENABLE_OBJC_ARC = YES;
				CLANG_ENABLE_OBJC_WEAK = YES;
				CLANG_WARN_BLOCK_CAPTURE_AUTORELEASING = YES;
				CLANG_WARN_BOOL_CONVERSION = YES;
				CLANG_WARN_COMMA = YES;
				CLANG_WARN_CONSTANT_CONVERSION = YES;
				CLANG_WARN_DEPRECATED_OBJC_IMPLEMENTATIONS = YES;
				CLANG_WARN_DIRECT_OBJC_ISA_USAGE = YES_ERROR;
				CLANG_WARN_DOCUMENTATION_COMMENTS = YES;
				CLANG_WARN_EMPTY_BODY = YES;
				CLANG_WARN_ENUM_CONVERSION = YES;
				CLANG_WARN_INFINITE_RECURSION = YES;
				CLANG_WARN_INT_CONVERSION = YES;
				CLANG_WARN_NON_LITERAL_NULL_CONVERSION = YES;
				CLANG_WARN_OBJC_IMPLICIT_RETAIN_SELF = YES;
				CLANG_WARN_OBJC_LITERAL_CONVERSION = YES;
				CLANG_WARN_OBJC_ROOT_CLASS = YES_ERROR;
				CLANG_WARN_QUOTED_INCLUDE_IN_FRAMEWORK_HEADER = YES;
				CLANG_WARN_RANGE_LOOP_ANALYSIS = YES;
				CLANG_WARN_STRICT_PROTOTYPES = YES;
				CLANG_WARN_SUSPICIOUS_MOVE = YES;
				CLANG_WARN_UNGUARDED_AVAILABILITY = YES_AGGRESSIVE;
				CLANG_WARN_UNREACHABLE_CODE = YES;
				CLANG_WARN__DUPLICATE_METHOD_MATCH = YES;
				COPY_PHASE_STRIP = NO;
				DEBUG_INFORMATION_FORMAT = dwarf;
				ENABLE_STRICT_OBJC_MSGSEND = YES;
				ENABLE_TESTABILITY = YES;
				GCC_C_LANGUAGE_STANDARD = gnu11;
				GCC_DYNAMIC_NO_PIC = NO;
				GCC_NO_COMMON_BLOCKS = YES;
				GCC_OPTIMIZATION_LEVEL = 0;
				GCC_PREPROCESSOR_DEFINITIONS = (
					"DEBUG=1",
					"$(inherited)",
				);
				GCC_WARN_64_TO_32_BIT_CONVERSION = YES;
				GCC_WARN_ABOUT_RETURN_TYPE = YES_ERROR;
				GCC_WARN_UNDECLARED_SELECTOR = YES;
				GCC_WARN_UNINITIALIZED_AUTOS = YES_AGGRESSIVE;
				GCC_WARN_UNUSED_FUNCTION = YES;
				GCC_WARN_UNUSED_VARIABLE = YES;
				MTL_ENABLE_DEBUG_INFO = INCLUDE_SOURCE;
				MTL_FAST_MATH = YES;
				ONLY_ACTIVE_ARCH = YES;
				SWIFT_ACTIVE_COMPILATION_CONDITIONS = DEBUG;
				SWIFT_OPTIMIZATION_LEVEL = "-Onone";
			};
			name = Debug;
		};
		4117118F292BF849007EAF5F /* Release */ = {
			isa = XCBuildConfiguration;
			buildSettings = {
				ALWAYS_SEARCH_USER_PATHS = NO;
				CLANG_ANALYZER_NONNULL = YES;
				CLANG_ANALYZER_NUMBER_OBJECT_CONVERSION = YES_AGGRESSIVE;
				CLANG_CXX_LANGUAGE_STANDARD = "gnu++20";
				CLANG_ENABLE_MODULES = YES;
				CLANG_ENABLE_OBJC_ARC = YES;
				CLANG_ENABLE_OBJC_WEAK = YES;
				CLANG_WARN_BLOCK_CAPTURE_AUTORELEASING = YES;
				CLANG_WARN_BOOL_CONVERSION = YES;
				CLANG_WARN_COMMA = YES;
				CLANG_WARN_CONSTANT_CONVERSION = YES;
				CLANG_WARN_DEPRECATED_OBJC_IMPLEMENTATIONS = YES;
				CLANG_WARN_DIRECT_OBJC_ISA_USAGE = YES_ERROR;
				CLANG_WARN_DOCUMENTATION_COMMENTS = YES;
				CLANG_WARN_EMPTY_BODY = YES;
				CLANG_WARN_ENUM_CONVERSION = YES;
				CLANG_WARN_INFINITE_RECURSION = YES;
				CLANG_WARN_INT_CONVERSION = YES;
				CLANG_WARN_NON_LITERAL_NULL_CONVERSION = YES;
				CLANG_WARN_OBJC_IMPLICIT_RETAIN_SELF = YES;
				CLANG_WARN_OBJC_LITERAL_CONVERSION = YES;
				CLANG_WARN_OBJC_ROOT_CLASS = YES_ERROR;
				CLANG_WARN_QUOTED_INCLUDE_IN_FRAMEWORK_HEADER = YES;
				CLANG_WARN_RANGE_LOOP_ANALYSIS = YES;
				CLANG_WARN_STRICT_PROTOTYPES = YES;
				CLANG_WARN_SUSPICIOUS_MOVE = YES;
				CLANG_WARN_UNGUARDED_AVAILABILITY = YES_AGGRESSIVE;
				CLANG_WARN_UNREACHABLE_CODE = YES;
				CLANG_WARN__DUPLICATE_METHOD_MATCH = YES;
				COPY_PHASE_STRIP = NO;
				DEBUG_INFORMATION_FORMAT = "dwarf-with-dsym";
				ENABLE_NS_ASSERTIONS = NO;
				ENABLE_STRICT_OBJC_MSGSEND = YES;
				GCC_C_LANGUAGE_STANDARD = gnu11;
				GCC_NO_COMMON_BLOCKS = YES;
				GCC_WARN_64_TO_32_BIT_CONVERSION = YES;
				GCC_WARN_ABOUT_RETURN_TYPE = YES_ERROR;
				GCC_WARN_UNDECLARED_SELECTOR = YES;
				GCC_WARN_UNINITIALIZED_AUTOS = YES_AGGRESSIVE;
				GCC_WARN_UNUSED_FUNCTION = YES;
				GCC_WARN_UNUSED_VARIABLE = YES;
				MTL_ENABLE_DEBUG_INFO = NO;
				MTL_FAST_MATH = YES;
				SWIFT_COMPILATION_MODE = wholemodule;
				SWIFT_OPTIMIZATION_LEVEL = "-O";
			};
			name = Release;
		};
		41171191292BF849007EAF5F /* Debug */ = {
			isa = XCBuildConfiguration;
			buildSettings = {
				ASSETCATALOG_COMPILER_APPICON_NAME = AppIcon;
				ASSETCATALOG_COMPILER_GLOBAL_ACCENT_COLOR_NAME = AccentColor;
				CODE_SIGN_ENTITLEMENTS = Weather_swiftUI/Weather_swiftUI.entitlements;
				CODE_SIGN_STYLE = Automatic;
				CURRENT_PROJECT_VERSION = 1;
				DEVELOPMENT_ASSET_PATHS = "\"Weather_swiftUI/Preview Content\"";
				ENABLE_PREVIEWS = YES;
				GENERATE_INFOPLIST_FILE = YES;
				INFOPLIST_KEY_NSLocationWhenInUseUsageDescription = "Please provide your location permission.";
				"INFOPLIST_KEY_UIApplicationSceneManifest_Generation[sdk=iphoneos*]" = YES;
				"INFOPLIST_KEY_UIApplicationSceneManifest_Generation[sdk=iphonesimulator*]" = YES;
				"INFOPLIST_KEY_UIApplicationSupportsIndirectInputEvents[sdk=iphoneos*]" = YES;
				"INFOPLIST_KEY_UIApplicationSupportsIndirectInputEvents[sdk=iphonesimulator*]" = YES;
				"INFOPLIST_KEY_UILaunchScreen_Generation[sdk=iphoneos*]" = YES;
				"INFOPLIST_KEY_UILaunchScreen_Generation[sdk=iphonesimulator*]" = YES;
				"INFOPLIST_KEY_UIStatusBarStyle[sdk=iphoneos*]" = UIStatusBarStyleDefault;
				"INFOPLIST_KEY_UIStatusBarStyle[sdk=iphonesimulator*]" = UIStatusBarStyleDefault;
				INFOPLIST_KEY_UISupportedInterfaceOrientations = "UIInterfaceOrientationLandscapeLeft UIInterfaceOrientationLandscapeRight UIInterfaceOrientationPortrait";
				IPHONEOS_DEPLOYMENT_TARGET = 16.0;
				LD_RUNPATH_SEARCH_PATHS = "@executable_path/Frameworks";
				"LD_RUNPATH_SEARCH_PATHS[sdk=macosx*]" = "@executable_path/../Frameworks";
				MACOSX_DEPLOYMENT_TARGET = 12.3;
				MARKETING_VERSION = 1.0;
				PRODUCT_BUNDLE_IDENTIFIER = Weather.swiftUI;
				PRODUCT_NAME = "$(TARGET_NAME)";
				SDKROOT = auto;
				SUPPORTED_PLATFORMS = "iphoneos iphonesimulator";
				SUPPORTS_MACCATALYST = NO;
				SUPPORTS_MAC_DESIGNED_FOR_IPHONE_IPAD = NO;
				SWIFT_EMIT_LOC_STRINGS = YES;
				SWIFT_VERSION = 5.0;
				TARGETED_DEVICE_FAMILY = 1;
			};
			name = Debug;
		};
		41171192292BF849007EAF5F /* Release */ = {
			isa = XCBuildConfiguration;
			buildSettings = {
				ASSETCATALOG_COMPILER_APPICON_NAME = AppIcon;
				ASSETCATALOG_COMPILER_GLOBAL_ACCENT_COLOR_NAME = AccentColor;
				CODE_SIGN_ENTITLEMENTS = Weather_swiftUI/Weather_swiftUI.entitlements;
				CODE_SIGN_STYLE = Automatic;
				CURRENT_PROJECT_VERSION = 1;
				DEVELOPMENT_ASSET_PATHS = "\"Weather_swiftUI/Preview Content\"";
				ENABLE_PREVIEWS = YES;
				GENERATE_INFOPLIST_FILE = YES;
				INFOPLIST_KEY_NSLocationWhenInUseUsageDescription = "Please provide your location permission.";
				"INFOPLIST_KEY_UIApplicationSceneManifest_Generation[sdk=iphoneos*]" = YES;
				"INFOPLIST_KEY_UIApplicationSceneManifest_Generation[sdk=iphonesimulator*]" = YES;
				"INFOPLIST_KEY_UIApplicationSupportsIndirectInputEvents[sdk=iphoneos*]" = YES;
				"INFOPLIST_KEY_UIApplicationSupportsIndirectInputEvents[sdk=iphonesimulator*]" = YES;
				"INFOPLIST_KEY_UILaunchScreen_Generation[sdk=iphoneos*]" = YES;
				"INFOPLIST_KEY_UILaunchScreen_Generation[sdk=iphonesimulator*]" = YES;
				"INFOPLIST_KEY_UIStatusBarStyle[sdk=iphoneos*]" = UIStatusBarStyleDefault;
				"INFOPLIST_KEY_UIStatusBarStyle[sdk=iphonesimulator*]" = UIStatusBarStyleDefault;
				INFOPLIST_KEY_UISupportedInterfaceOrientations = "UIInterfaceOrientationLandscapeLeft UIInterfaceOrientationLandscapeRight UIInterfaceOrientationPortrait";
				IPHONEOS_DEPLOYMENT_TARGET = 16.0;
				LD_RUNPATH_SEARCH_PATHS = "@executable_path/Frameworks";
				"LD_RUNPATH_SEARCH_PATHS[sdk=macosx*]" = "@executable_path/../Frameworks";
				MACOSX_DEPLOYMENT_TARGET = 12.3;
				MARKETING_VERSION = 1.0;
				PRODUCT_BUNDLE_IDENTIFIER = Weather.swiftUI;
				PRODUCT_NAME = "$(TARGET_NAME)";
				SDKROOT = auto;
				SUPPORTED_PLATFORMS = "iphoneos iphonesimulator";
				SUPPORTS_MACCATALYST = NO;
				SUPPORTS_MAC_DESIGNED_FOR_IPHONE_IPAD = NO;
				SWIFT_EMIT_LOC_STRINGS = YES;
				SWIFT_VERSION = 5.0;
				TARGETED_DEVICE_FAMILY = 1;
			};
			name = Release;
		};
		41C4486029315FB8003A0348 /* Debug */ = {
			isa = XCBuildConfiguration;
			buildSettings = {
				BUNDLE_LOADER = "$(TEST_HOST)";
				CODE_SIGN_IDENTITY = "Apple Development";
				CODE_SIGN_STYLE = Automatic;
				CURRENT_PROJECT_VERSION = 1;
				DEVELOPMENT_TEAM = "";
				GENERATE_INFOPLIST_FILE = YES;
				IPHONEOS_DEPLOYMENT_TARGET = 16.0;
				MARKETING_VERSION = 1.0;
				PRODUCT_BUNDLE_IDENTIFIER = Weather.swiftUI;
				PRODUCT_NAME = "$(TARGET_NAME)";
				PROVISIONING_PROFILE_SPECIFIER = "";
				SDKROOT = iphoneos;
				SUPPORTED_PLATFORMS = "iphoneos iphonesimulator";
				SUPPORTS_MACCATALYST = NO;
				SUPPORTS_MAC_DESIGNED_FOR_IPHONE_IPAD = NO;
				SWIFT_EMIT_LOC_STRINGS = NO;
				SWIFT_VERSION = 5.0;
				TARGETED_DEVICE_FAMILY = "1,2";
				TEST_HOST = "$(BUILT_PRODUCTS_DIR)/Weather_swiftUI.app/$(BUNDLE_EXECUTABLE_FOLDER_PATH)/Weather_swiftUI";
			};
			name = Debug;
		};
		41C4486129315FB8003A0348 /* Release */ = {
			isa = XCBuildConfiguration;
			buildSettings = {
				BUNDLE_LOADER = "$(TEST_HOST)";
				CODE_SIGN_IDENTITY = "Apple Development";
				CODE_SIGN_STYLE = Automatic;
				CURRENT_PROJECT_VERSION = 1;
				DEVELOPMENT_TEAM = "";
				GENERATE_INFOPLIST_FILE = YES;
				IPHONEOS_DEPLOYMENT_TARGET = 16.0;
				MARKETING_VERSION = 1.0;
				PRODUCT_BUNDLE_IDENTIFIER = Weather.swiftUI;
				PRODUCT_NAME = "$(TARGET_NAME)";
				PROVISIONING_PROFILE_SPECIFIER = "";
				SDKROOT = iphoneos;
				SUPPORTED_PLATFORMS = "iphoneos iphonesimulator";
				SUPPORTS_MACCATALYST = NO;
				SUPPORTS_MAC_DESIGNED_FOR_IPHONE_IPAD = NO;
				SWIFT_EMIT_LOC_STRINGS = NO;
				SWIFT_VERSION = 5.0;
				TARGETED_DEVICE_FAMILY = "1,2";
				TEST_HOST = "$(BUILT_PRODUCTS_DIR)/Weather_swiftUI.app/$(BUNDLE_EXECUTABLE_FOLDER_PATH)/Weather_swiftUI";
				VALIDATE_PRODUCT = YES;
			};
			name = Release;
		};
		41C44874293164B8003A0348 /* Debug */ = {
			isa = XCBuildConfiguration;
			buildSettings = {
				CODE_SIGN_STYLE = Automatic;
				CURRENT_PROJECT_VERSION = 1;
				GENERATE_INFOPLIST_FILE = YES;
				IPHONEOS_DEPLOYMENT_TARGET = 16.0;
				MARKETING_VERSION = 1.0;
				PRODUCT_BUNDLE_IDENTIFIER = "Weather.swiftUI.Weather-swiftUIUITests";
				PRODUCT_NAME = "$(TARGET_NAME)";
				SDKROOT = iphoneos;
				SWIFT_EMIT_LOC_STRINGS = NO;
				SWIFT_VERSION = 5.0;
				TARGETED_DEVICE_FAMILY = "1,2";
				TEST_TARGET_NAME = Weather_swiftUI;
			};
			name = Debug;
		};
		41C44875293164B8003A0348 /* Release */ = {
			isa = XCBuildConfiguration;
			buildSettings = {
				CODE_SIGN_STYLE = Automatic;
				CURRENT_PROJECT_VERSION = 1;
				GENERATE_INFOPLIST_FILE = YES;
				IPHONEOS_DEPLOYMENT_TARGET = 16.0;
				MARKETING_VERSION = 1.0;
				PRODUCT_BUNDLE_IDENTIFIER = "Weather.swiftUI.Weather-swiftUIUITests";
				PRODUCT_NAME = "$(TARGET_NAME)";
				SDKROOT = iphoneos;
				SWIFT_EMIT_LOC_STRINGS = NO;
				SWIFT_VERSION = 5.0;
				TARGETED_DEVICE_FAMILY = "1,2";
				TEST_TARGET_NAME = Weather_swiftUI;
				VALIDATE_PRODUCT = YES;
			};
			name = Release;
		};
/* End XCBuildConfiguration section */

/* Begin XCConfigurationList section */
		41171177292BF845007EAF5F /* Build configuration list for PBXProject "Weather_swiftUI" */ = {
			isa = XCConfigurationList;
			buildConfigurations = (
				4117118E292BF849007EAF5F /* Debug */,
				4117118F292BF849007EAF5F /* Release */,
			);
			defaultConfigurationIsVisible = 0;
			defaultConfigurationName = Release;
		};
		41171190292BF849007EAF5F /* Build configuration list for PBXNativeTarget "Weather_swiftUI" */ = {
			isa = XCConfigurationList;
			buildConfigurations = (
				41171191292BF849007EAF5F /* Debug */,
				41171192292BF849007EAF5F /* Release */,
			);
			defaultConfigurationIsVisible = 0;
			defaultConfigurationName = Release;
		};
		41C4486229315FB8003A0348 /* Build configuration list for PBXNativeTarget "Weather_swiftUITests" */ = {
			isa = XCConfigurationList;
			buildConfigurations = (
				41C4486029315FB8003A0348 /* Debug */,
				41C4486129315FB8003A0348 /* Release */,
			);
			defaultConfigurationIsVisible = 0;
			defaultConfigurationName = Release;
		};
		41C44873293164B8003A0348 /* Build configuration list for PBXNativeTarget "Weather_swiftUIUITests" */ = {
			isa = XCConfigurationList;
			buildConfigurations = (
				41C44874293164B8003A0348 /* Debug */,
				41C44875293164B8003A0348 /* Release */,
			);
			defaultConfigurationIsVisible = 0;
			defaultConfigurationName = Release;
		};
/* End XCConfigurationList section */

/* Begin XCVersionGroup section */
		41EB28B5292D2F940071DC29 /* Weather_swiftUI.xcdatamodeld */ = {
			isa = XCVersionGroup;
			children = (
				41EB28B6292D2F940071DC29 /* Evengelist_test.xcdatamodel */,
			);
			currentVersion = 41EB28B6292D2F940071DC29 /* Evengelist_test.xcdatamodel */;
			path = Weather_swiftUI.xcdatamodeld;
			sourceTree = "<group>";
			versionGroupType = wrapper.xcdatamodel;
		};
/* End XCVersionGroup section */
	};
	rootObject = 41171174292BF845007EAF5F /* Project object */;
}
